PODS:
  - connectivity_plus (0.0.1):
    - Flutter
    - ReachabilitySwift
  - Flutter (1.0.0)
  - flutter_secure_storage (6.0.0):
    - Flutter
  - fluttertoast (0.0.2):
    - Flutter
  - image_picker_ios (0.0.1):
    - Flutter
  - in_app_purchase_storekit (0.0.1):
    - Flutter
    - FlutterMacOS
  - local_auth_darwin (0.0.1):
    - Flutter
    - FlutterMacOS
  - path_provider_foundation (0.0.1):
    - Flutter
    - FlutterMacOS
  - permission_handler_apple (9.3.0):
    - Flutter
  - printing (1.0.0):
    - Flutter
  - ReachabilitySwift (5.2.4)
  - share_plus (0.0.1):
    - Flutter
  - shared_preferences_foundation (0.0.1):
    - Flutter
    - FlutterMacOS
  - sqflite_darwin (0.0.4):
    - Flutter
    - FlutterMacOS
  - Stripe (24.7.0):
    - StripeApplePay (= 24.7.0)
    - StripeCore (= 24.7.0)
    - StripePayments (= 24.7.0)
    - StripePaymentsUI (= 24.7.0)
    - StripeUICore (= 24.7.0)
  - stripe_ios (0.0.1):
    - Flutter
    - Stripe (~> 24.7.0)
    - stripe_ios/stripe_ios (= 0.0.1)
    - stripe_ios/stripe_objc (= 0.0.1)
    - StripeApplePay (~> 24.7.0)
    - StripeFinancialConnections (~> 24.7.0)
    - StripePayments (~> 24.7.0)
    - StripePaymentSheet (~> 24.7.0)
    - StripePaymentsUI (~> 24.7.0)
  - stripe_ios/stripe_ios (0.0.1):
    - Flutter
    - Stripe (~> 24.7.0)
    - stripe_ios/stripe_objc
    - StripeApplePay (~> 24.7.0)
    - StripeFinancialConnections (~> 24.7.0)
    - StripePayments (~> 24.7.0)
    - StripePaymentSheet (~> 24.7.0)
    - StripePaymentsUI (~> 24.7.0)
  - stripe_ios/stripe_objc (0.0.1):
    - Flutter
    - Stripe (~> 24.7.0)
    - StripeApplePay (~> 24.7.0)
    - StripeFinancialConnections (~> 24.7.0)
    - StripePayments (~> 24.7.0)
    - StripePaymentSheet (~> 24.7.0)
    - StripePaymentsUI (~> 24.7.0)
  - StripeApplePay (24.7.0):
    - StripeCore (= 24.7.0)
  - StripeCore (24.7.0)
  - StripeFinancialConnections (24.7.0):
    - StripeCore (= 24.7.0)
    - StripeUICore (= 24.7.0)
  - StripePayments (24.7.0):
    - StripeCore (= 24.7.0)
    - StripePayments/Stripe3DS2 (= 24.7.0)
  - StripePayments/Stripe3DS2 (24.7.0):
    - StripeCore (= 24.7.0)
  - StripePaymentSheet (24.7.0):
    - StripeApplePay (= 24.7.0)
    - StripeCore (= 24.7.0)
    - StripePayments (= 24.7.0)
    - StripePaymentsUI (= 24.7.0)
  - StripePaymentsUI (24.7.0):
    - StripeCore (= 24.7.0)
    - StripePayments (= 24.7.0)
    - StripeUICore (= 24.7.0)
  - StripeUICore (24.7.0):
    - StripeCore (= 24.7.0)
  - url_launcher_ios (0.0.1):
    - Flutter

DEPENDENCIES:
  - connectivity_plus (from `.symlinks/plugins/connectivity_plus/ios`)
  - Flutter (from `Flutter`)
  - flutter_secure_storage (from `.symlinks/plugins/flutter_secure_storage/ios`)
  - fluttertoast (from `.symlinks/plugins/fluttertoast/ios`)
  - image_picker_ios (from `.symlinks/plugins/image_picker_ios/ios`)
  - in_app_purchase_storekit (from `.symlinks/plugins/in_app_purchase_storekit/darwin`)
  - local_auth_darwin (from `.symlinks/plugins/local_auth_darwin/darwin`)
  - path_provider_foundation (from `.symlinks/plugins/path_provider_foundation/darwin`)
  - permission_handler_apple (from `.symlinks/plugins/permission_handler_apple/ios`)
  - printing (from `.symlinks/plugins/printing/ios`)
  - share_plus (from `.symlinks/plugins/share_plus/ios`)
  - shared_preferences_foundation (from `.symlinks/plugins/shared_preferences_foundation/darwin`)
  - sqflite_darwin (from `.symlinks/plugins/sqflite_darwin/darwin`)
  - stripe_ios (from `.symlinks/plugins/stripe_ios/ios`)
  - url_launcher_ios (from `.symlinks/plugins/url_launcher_ios/ios`)

SPEC REPOS:
  trunk:
    - ReachabilitySwift
    - Stripe
    - StripeApplePay
    - StripeCore
    - StripeFinancialConnections
    - StripePayments
    - StripePaymentSheet
    - StripePaymentsUI
    - StripeUICore

EXTERNAL SOURCES:
  connectivity_plus:
    :path: ".symlinks/plugins/connectivity_plus/ios"
  Flutter:
    :path: Flutter
  flutter_secure_storage:
    :path: ".symlinks/plugins/flutter_secure_storage/ios"
  fluttertoast:
    :path: ".symlinks/plugins/fluttertoast/ios"
  image_picker_ios:
    :path: ".symlinks/plugins/image_picker_ios/ios"
  in_app_purchase_storekit:
    :path: ".symlinks/plugins/in_app_purchase_storekit/darwin"
  local_auth_darwin:
    :path: ".symlinks/plugins/local_auth_darwin/darwin"
  path_provider_foundation:
    :path: ".symlinks/plugins/path_provider_foundation/darwin"
  permission_handler_apple:
    :path: ".symlinks/plugins/permission_handler_apple/ios"
  printing:
    :path: ".symlinks/plugins/printing/ios"
  share_plus:
    :path: ".symlinks/plugins/share_plus/ios"
  shared_preferences_foundation:
    :path: ".symlinks/plugins/shared_preferences_foundation/darwin"
  sqflite_darwin:
    :path: ".symlinks/plugins/sqflite_darwin/darwin"
  stripe_ios:
    :path: ".symlinks/plugins/stripe_ios/ios"
  url_launcher_ios:
    :path: ".symlinks/plugins/url_launcher_ios/ios"

SPEC CHECKSUMS:
  connectivity_plus: 481668c94744c30c53b8895afb39159d1e619bdf
  Flutter: e0871f40cf51350855a761d2e70bf5af5b9b5de7
  flutter_secure_storage: 1ed9476fba7e7a782b22888f956cce43e2c62f13
  fluttertoast: 2c67e14dce98bbdb200df9e1acf610d7a6264ea1
  image_picker_ios: 7fe1ff8e34c1790d6fff70a32484959f563a928a
  in_app_purchase_storekit: d1a48cb0f8b29dbf5f85f782f5dd79b21b90a5e6
  local_auth_darwin: d2e8c53ef0c4f43c646462e3415432c4dab3ae19
  path_provider_foundation: 080d55be775b7414fd5a5ef3ac137b97b097e564
  permission_handler_apple: 4ed2196e43d0651e8ff7ca3483a069d469701f2d
  printing: 54ff03f28fe9ba3aa93358afb80a8595a071dd07
  ReachabilitySwift: 32793e867593cfc1177f5d16491e3a197d2fccda
  share_plus: de6030e33b4e106470e09322d87cf2a4258d2d1d
  shared_preferences_foundation: 9e1978ff2562383bd5676f64ec4e9aa8fa06a6f7
  sqflite_darwin: 20b2a3a3b70e43edae938624ce550a3cbf66a3d0
  Stripe: 8a03a78bfa16b197f9fac51e42670ac563b34388
  stripe_ios: 95bdf6ba58efd184fe1dfed194cd8692299d66ca
  StripeApplePay: 3c1b43d9b5130f6b714863bf8c9482c24168ab27
  StripeCore: 4955c2af14446db04818ad043d19d8f97b73c5fa
  StripeFinancialConnections: 8cf97b04c2f354879a2a5473126efac38f11f406
  StripePayments: 91820845bece6117809bcfdcaef39c84c2b4cae5
  StripePaymentSheet: 1810187cbdbc73410b8fb86cecafaaa41c1481fc
  StripePaymentsUI: 326376e23caa369d1f58041bdb858c89c2b17ed4
  StripeUICore: 17a4f3adb81ae05ab885e1b353022a430176eab1
  url_launcher_ios: 694010445543906933d732453a59da0a173ae33d

PODFILE CHECKSUM: 50fd0505f665bfa50c65bca6a6da7109c67dd0c6

COCOAPODS: 1.16.2
